
Microsoft Visual Studio Solution File, Format Version 12.00
# Visual Studio Version 17
VisualStudioVersion = 17.7.34024.191
MinimumVisualStudioVersion = 10.0.40219.1
Project("{FAE04EC0-301F-11D3-BF4B-00C04F79EFBC}") = "Resturent_App", "Resturent_App\Resturent_App.csproj", "{9F690510-5E8F-4C45-B393-85CEF776DC84}"
EndProject
Global
	GlobalSection(SolutionConfigurationPlatforms) = preSolution
		Debug|Any CPU = Debug|Any CPU
		Release|Any CPU = Release|Any CPU
	EndGlobalSection
	GlobalSection(ProjectConfigurationPlatforms) = postSolution
		{9F690510-5E8F-4C45-B393-85CEF776DC84}.Debug|Any CPU.ActiveCfg = Debug|Any CPU
		{9F690510-5E8F-4C45-B393-85CEF776DC84}.Debug|Any CPU.Build.0 = Debug|Any CPU
		{9F690510-5E8F-4C45-B393-85CEF776DC84}.Release|Any CPU.ActiveCfg = Release|Any CPU
		{9F690510-5E8F-4C45-B393-85CEF776DC84}.Release|Any CPU.Build.0 = Release|Any CPU
	EndGlobalSection
	GlobalSection(SolutionProperties) = preSolution
		HideSolutionNode = FALSE
	EndGlobalSection
	GlobalSection(ExtensibilityGlobals) = postSolution
		SolutionGuid = {028EAA10-407A-4F7E-8FCD-B680AD4510A3}
	EndGlobalSection
EndGlobal
